
Microsoft Visual Studio Solution File, Format Version 12.00
# Visual Studio 14
VisualStudioVersion = 14.0.25123.0
MinimumVisualStudioVersion = 10.0.40219.1
Project("{22A08453-7DA9-443F-9A83-F948AFE60A35}") = "Sitecore.Support.96625", "Sitecore.Support.96625\Sitecore.Support.96625.csproj", "{35C29F7E-F939-4839-AC4E-E7AD08F3B3AB}"
EndProject
Global
	GlobalSection(SolutionConfigurationPlatforms) = preSolution
		Debug|Any CPU = Debug|Any CPU
		Release|Any CPU = Release|Any CPU
	EndGlobalSection
	GlobalSection(ProjectConfigurationPlatforms) = postSolution
		{35C29F7E-F939-4839-AC4E-E7AD08F3B3AB}.Debug|Any CPU.ActiveCfg = Debug|Any CPU
		{35C29F7E-F939-4839-AC4E-E7AD08F3B3AB}.Debug|Any CPU.Build.0 = Debug|Any CPU
		{35C29F7E-F939-4839-AC4E-E7AD08F3B3AB}.Release|Any CPU.ActiveCfg = Release|Any CPU
		{35C29F7E-F939-4839-AC4E-E7AD08F3B3AB}.Release|Any CPU.Build.0 = Release|Any CPU
	EndGlobalSection
	GlobalSection(SolutionProperties) = preSolution
		HideSolutionNode = FALSE
	EndGlobalSection
EndGlobal
